
Microsoft Visual Studio Solution File, Format Version 12.00
# Visual Studio Version 17
VisualStudioVersion = 17.10.35122.118
MinimumVisualStudioVersion = 10.0.40219.1
Project("{FAE04EC0-301F-11D3-BF4B-00C04F79EFBC}") = "SceneCsvtoXml", "SceneCsvtoXml\SceneCsvtoXml.csproj", "{6A13D56F-7E5F-48A1-8214-EBD3F6219D94}"
EndProject
Global
	GlobalSection(SolutionConfigurationPlatforms) = preSolution
		Debug|Any CPU = Debug|Any CPU
		Release|Any CPU = Release|Any CPU
	EndGlobalSection
	GlobalSection(ProjectConfigurationPlatforms) = postSolution
		{6A13D56F-7E5F-48A1-8214-EBD3F6219D94}.Debug|Any CPU.ActiveCfg = Debug|Any CPU
		{6A13D56F-7E5F-48A1-8214-EBD3F6219D94}.Debug|Any CPU.Build.0 = Debug|Any CPU
		{6A13D56F-7E5F-48A1-8214-EBD3F6219D94}.Release|Any CPU.ActiveCfg = Release|Any CPU
		{6A13D56F-7E5F-48A1-8214-EBD3F6219D94}.Release|Any CPU.Build.0 = Release|Any CPU
	EndGlobalSection
	GlobalSection(SolutionProperties) = preSolution
		HideSolutionNode = FALSE
	EndGlobalSection
	GlobalSection(ExtensibilityGlobals) = postSolution
		SolutionGuid = {33BACA21-005D-4178-8A3A-A2F2E34A4060}
	EndGlobalSection
EndGlobal
